// !$*UTF8*$!
{
	archiveVersion = 1;
	classes = {
	};
	objectVersion = 55;
	objects = {

/* Begin PBXBuildFile section */
		8F479D4127CFF17E0095BD11 /* Node_iOS_Crypto_UIApp.swift in Sources */ = {isa = PBXBuildFile; fileRef = 8F479D4027CFF17E0095BD11 /* Node_iOS_Crypto_UIApp.swift */; };
		8F479D4327CFF17E0095BD11 /* ContentView.swift in Sources */ = {isa = PBXBuildFile; fileRef = 8F479D4227CFF17E0095BD11 /* ContentView.swift */; };
		8F479D4527CFF17F0095BD11 /* Assets.xcassets in Resources */ = {isa = PBXBuildFile; fileRef = 8F479D4427CFF17F0095BD11 /* Assets.xcassets */; };
		8F479D4827CFF17F0095BD11 /* Preview Assets.xcassets in Resources */ = {isa = PBXBuildFile; fileRef = 8F479D4727CFF17F0095BD11 /* Preview Assets.xcassets */; };
		8F479D4F27CFF69F0095BD11 /* OnboardingView.swift in Sources */ = {isa = PBXBuildFile; fileRef = 8F479D4E27CFF69F0095BD11 /* OnboardingView.swift */; };
		8F479D5527CFF71A0095BD11 /* OnboardingTab.swift in Sources */ = {isa = PBXBuildFile; fileRef = 8F479D5427CFF71A0095BD11 /* OnboardingTab.swift */; };
		8F479D5A27CFF73B0095BD11 /* OnboardingModal.swift in Sources */ = {isa = PBXBuildFile; fileRef = 8F479D5927CFF73B0095BD11 /* OnboardingModal.swift */; };
		8FF0D62927CFFB7B0056683E /* LargeButton.swift in Sources */ = {isa = PBXBuildFile; fileRef = 8FF0D62827CFFB7B0056683E /* LargeButton.swift */; };
/* End PBXBuildFile section */

/* Begin PBXFileReference section */
		8F479D3D27CFF17E0095BD11 /* Node iOS Crypto UI.app */ = {isa = PBXFileReference; explicitFileType = wrapper.application; includeInIndex = 0; path = "Node iOS Crypto UI.app"; sourceTree = BUILT_PRODUCTS_DIR; };
		8F479D4027CFF17E0095BD11 /* Node_iOS_Crypto_UIApp.swift */ = {isa = PBXFileReference; lastKnownFileType = sourcecode.swift; path = Node_iOS_Crypto_UIApp.swift; sourceTree = "<group>"; };
		8F479D4227CFF17E0095BD11 /* ContentView.swift */ = {isa = PBXFileReference; lastKnownFileType = sourcecode.swift; path = ContentView.swift; sourceTree = "<group>"; };
		8F479D4427CFF17F0095BD11 /* Assets.xcassets */ = {isa = PBXFileReference; lastKnownFileType = folder.assetcatalog; path = Assets.xcassets; sourceTree = "<group>"; };
		8F479D4727CFF17F0095BD11 /* Preview Assets.xcassets */ = {isa = PBXFileReference; lastKnownFileType = folder.assetcatalog; path = "Preview Assets.xcassets"; sourceTree = "<group>"; };
		8F479D4E27CFF69F0095BD11 /* OnboardingView.swift */ = {isa = PBXFileReference; lastKnownFileType = sourcecode.swift; path = OnboardingView.swift; sourceTree = "<group>"; };
		8F479D5427CFF71A0095BD11 /* OnboardingTab.swift */ = {isa = PBXFileReference; lastKnownFileType = sourcecode.swift; path = OnboardingTab.swift; sourceTree = "<group>"; };
		8F479D5927CFF73B0095BD11 /* OnboardingModal.swift */ = {isa = PBXFileReference; lastKnownFileType = sourcecode.swift; path = OnboardingModal.swift; sourceTree = "<group>"; };
		8FF0D62827CFFB7B0056683E /* LargeButton.swift */ = {isa = PBXFileReference; lastKnownFileType = sourcecode.swift; path = LargeButton.swift; sourceTree = "<group>"; };
/* End PBXFileReference section */

/* Begin PBXFrameworksBuildPhase section */
		8F479D3A27CFF17E0095BD11 /* Frameworks */ = {
			isa = PBXFrameworksBuildPhase;
			buildActionMask = 2147483647;
			files = (
			);
			runOnlyForDeploymentPostprocessing = 0;
		};
/* End PBXFrameworksBuildPhase section */

/* Begin PBXGroup section */
		8F479D3427CFF17E0095BD11 = {
			isa = PBXGroup;
			children = (
				8F479D3F27CFF17E0095BD11 /* Node iOS Crypto UI */,
				8F479D3E27CFF17E0095BD11 /* Products */,
			);
			sourceTree = "<group>";
		};
		8F479D3E27CFF17E0095BD11 /* Products */ = {
			isa = PBXGroup;
			children = (
				8F479D3D27CFF17E0095BD11 /* Node iOS Crypto UI.app */,
			);
			name = Products;
			sourceTree = "<group>";
		};
		8F479D3F27CFF17E0095BD11 /* Node iOS Crypto UI */ = {
			isa = PBXGroup;
			children = (
				8F479D4027CFF17E0095BD11 /* Node_iOS_Crypto_UIApp.swift */,
				8F479D5127CFF6AE0095BD11 /* Navigation */,
				8F479D5227CFF6B50095BD11 /* Views */,
				8F479D4427CFF17F0095BD11 /* Assets.xcassets */,
				8F479D4627CFF17F0095BD11 /* Preview Content */,
			);
			path = "Node iOS Crypto UI";
			sourceTree = "<group>";
		};
		8F479D4627CFF17F0095BD11 /* Preview Content */ = {
			isa = PBXGroup;
			children = (
				8F479D4727CFF17F0095BD11 /* Preview Assets.xcassets */,
			);
			path = "Preview Content";
			sourceTree = "<group>";
		};
		8F479D5027CFF6A40095BD11 /* Onboarding */ = {
			isa = PBXGroup;
			children = (
				8F479D4E27CFF69F0095BD11 /* OnboardingView.swift */,
			);
			path = Onboarding;
			sourceTree = "<group>";
		};
		8F479D5127CFF6AE0095BD11 /* Navigation */ = {
			isa = PBXGroup;
			children = (
				8F479D4227CFF17E0095BD11 /* ContentView.swift */,
			);
			path = Navigation;
			sourceTree = "<group>";
		};
		8F479D5227CFF6B50095BD11 /* Views */ = {
			isa = PBXGroup;
			children = (
				8F479D5827CFF72D0095BD11 /* Modals */,
				8F479D5327CFF7100095BD11 /* Items */,
				8F479D5027CFF6A40095BD11 /* Onboarding */,
			);
			path = Views;
			sourceTree = "<group>";
		};
		8F479D5327CFF7100095BD11 /* Items */ = {
			isa = PBXGroup;
			children = (
				8F479D5427CFF71A0095BD11 /* OnboardingTab.swift */,
				8FF0D62827CFFB7B0056683E /* LargeButton.swift */,
			);
			path = Items;
			sourceTree = "<group>";
		};
		8F479D5827CFF72D0095BD11 /* Modals */ = {
			isa = PBXGroup;
			children = (
				8F479D5927CFF73B0095BD11 /* OnboardingModal.swift */,
			);
			path = Modals;
			sourceTree = "<group>";
		};
/* End PBXGroup section */

/* Begin PBXNativeTarget section */
		8F479D3C27CFF17E0095BD11 /* Node iOS Crypto UI */ = {
			isa = PBXNativeTarget;
			buildConfigurationList = 8F479D4B27CFF17F0095BD11 /* Build configuration list for PBXNativeTarget "Node iOS Crypto UI" */;
			buildPhases = (
				8F479D3927CFF17E0095BD11 /* Sources */,
				8F479D3A27CFF17E0095BD11 /* Frameworks */,
				8F479D3B27CFF17E0095BD11 /* Resources */,
			);
			buildRules = (
			);
			dependencies = (
			);
			name = "Node iOS Crypto UI";
			productName = "Node iOS Crypto UI";
			productReference = 8F479D3D27CFF17E0095BD11 /* Node iOS Crypto UI.app */;
			productType = "com.apple.product-type.application";
		};
/* End PBXNativeTarget section */

/* Begin PBXProject section */
		8F479D3527CFF17E0095BD11 /* Project object */ = {
			isa = PBXProject;
			attributes = {
				BuildIndependentTargetsInParallel = 1;
				LastSwiftUpdateCheck = 1320;
				LastUpgradeCheck = 1320;
				TargetAttributes = {
					8F479D3C27CFF17E0095BD11 = {
						CreatedOnToolsVersion = 13.2.1;
					};
				};
			};
			buildConfigurationList = 8F479D3827CFF17E0095BD11 /* Build configuration list for PBXProject "Node iOS Crypto UI" */;
			compatibilityVersion = "Xcode 13.0";
			developmentRegion = en;
			hasScannedForEncodings = 0;
			knownRegions = (
				en,
				Base,
			);
			mainGroup = 8F479D3427CFF17E0095BD11;
			productRefGroup = 8F479D3E27CFF17E0095BD11 /* Products */;
			projectDirPath = "";
			projectRoot = "";
			targets = (
				8F479D3C27CFF17E0095BD11 /* Node iOS Crypto UI */,
			);
		};
/* End PBXProject section */

/* Begin PBXResourcesBuildPhase section */
		8F479D3B27CFF17E0095BD11 /* Resources */ = {
			isa = PBXResourcesBuildPhase;
			buildActionMask = 2147483647;
			files = (
				8F479D4827CFF17F0095BD11 /* Preview Assets.xcassets in Resources */,
				8F479D4527CFF17F0095BD11 /* Assets.xcassets in Resources */,
			);
			runOnlyForDeploymentPostprocessing = 0;
		};
/* End PBXResourcesBuildPhase section */

/* Begin PBXSourcesBuildPhase section */
		8F479D3927CFF17E0095BD11 /* Sources */ = {
			isa = PBXSourcesBuildPhase;
			buildActionMask = 2147483647;
			files = (
				8F479D5527CFF71A0095BD11 /* OnboardingTab.swift in Sources */,
				8F479D4F27CFF69F0095BD11 /* OnboardingView.swift in Sources */,
				8F479D5A27CFF73B0095BD11 /* OnboardingModal.swift in Sources */,
				8F479D4327CFF17E0095BD11 /* ContentView.swift in Sources */,
				8F479D4127CFF17E0095BD11 /* Node_iOS_Crypto_UIApp.swift in Sources */,
				8FF0D62927CFFB7B0056683E /* LargeButton.swift in Sources */,
			);
			runOnlyForDeploymentPostprocessing = 0;
		};
/* End PBXSourcesBuildPhase section */

/* Begin XCBuildConfiguration section */
		8F479D4927CFF17F0095BD11 /* Debug */ = {
			isa = XCBuildConfiguration;
			buildSettings = {
				ALWAYS_SEARCH_USER_PATHS = NO;
				CLANG_ANALYZER_NONNULL = YES;
				CLANG_ANALYZER_NUMBER_OBJECT_CONVERSION = YES_AGGRESSIVE;
				CLANG_CXX_LANGUAGE_STANDARD = "gnu++17";
				CLANG_CXX_LIBRARY = "libc++";
				CLANG_ENABLE_MODULES = YES;
				CLANG_ENABLE_OBJC_ARC = YES;
				CLANG_ENABLE_OBJC_WEAK = YES;
				CLANG_WARN_BLOCK_CAPTURE_AUTORELEASING = YES;
				CLANG_WARN_BOOL_CONVERSION = YES;
				CLANG_WARN_COMMA = YES;
				CLANG_WARN_CONSTANT_CONVERSION = YES;
				CLANG_WARN_DEPRECATED_OBJC_IMPLEMENTATIONS = YES;
				CLANG_WARN_DIRECT_OBJC_ISA_USAGE = YES_ERROR;
				CLANG_WARN_DOCUMENTATION_COMMENTS = YES;
				CLANG_WARN_EMPTY_BODY = YES;
				CLANG_WARN_ENUM_CONVERSION = YES;
				CLANG_WARN_INFINITE_RECURSION = YES;
				CLANG_WARN_INT_CONVERSION = YES;
				CLANG_WARN_NON_LITERAL_NULL_CONVERSION = YES;
				CLANG_WARN_OBJC_IMPLICIT_RETAIN_SELF = YES;
				CLANG_WARN_OBJC_LITERAL_CONVERSION = YES;
				CLANG_WARN_OBJC_ROOT_CLASS = YES_ERROR;
				CLANG_WARN_QUOTED_INCLUDE_IN_FRAMEWORK_HEADER = YES;
				CLANG_WARN_RANGE_LOOP_ANALYSIS = YES;
				CLANG_WARN_STRICT_PROTOTYPES = YES;
				CLANG_WARN_SUSPICIOUS_MOVE = YES;
				CLANG_WARN_UNGUARDED_AVAILABILITY = YES_AGGRESSIVE;
				CLANG_WARN_UNREACHABLE_CODE = YES;
				CLANG_WARN__DUPLICATE_METHOD_MATCH = YES;
				COPY_PHASE_STRIP = NO;
				DEBUG_INFORMATION_FORMAT = dwarf;
				ENABLE_STRICT_OBJC_MSGSEND = YES;
				ENABLE_TESTABILITY = YES;
				GCC_C_LANGUAGE_STANDARD = gnu11;
				GCC_DYNAMIC_NO_PIC = NO;
				GCC_NO_COMMON_BLOCKS = YES;
				GCC_OPTIMIZATION_LEVEL = 0;
				GCC_PREPROCESSOR_DEFINITIONS = (
					"DEBUG=1",
					"$(inherited)",
				);
				GCC_WARN_64_TO_32_BIT_CONVERSION = YES;
				GCC_WARN_ABOUT_RETURN_TYPE = YES_ERROR;
				GCC_WARN_UNDECLARED_SELECTOR = YES;
				GCC_WARN_UNINITIALIZED_AUTOS = YES_AGGRESSIVE;
				GCC_WARN_UNUSED_FUNCTION = YES;
				GCC_WARN_UNUSED_VARIABLE = YES;
				IPHONEOS_DEPLOYMENT_TARGET = 15.2;
				MTL_ENABLE_DEBUG_INFO = INCLUDE_SOURCE;
				MTL_FAST_MATH = YES;
				ONLY_ACTIVE_ARCH = YES;
				SDKROOT = iphoneos;
				SWIFT_ACTIVE_COMPILATION_CONDITIONS = DEBUG;
				SWIFT_OPTIMIZATION_LEVEL = "-Onone";
			};
			name = Debug;
		};
		8F479D4A27CFF17F0095BD11 /* Release */ = {
			isa = XCBuildConfiguration;
			buildSettings = {
				ALWAYS_SEARCH_USER_PATHS = NO;
				CLANG_ANALYZER_NONNULL = YES;
				CLANG_ANALYZER_NUMBER_OBJECT_CONVERSION = YES_AGGRESSIVE;
				CLANG_CXX_LANGUAGE_STANDARD = "gnu++17";
				CLANG_CXX_LIBRARY = "libc++";
				CLANG_ENABLE_MODULES = YES;
				CLANG_ENABLE_OBJC_ARC = YES;
				CLANG_ENABLE_OBJC_WEAK = YES;
				CLANG_WARN_BLOCK_CAPTURE_AUTORELEASING = YES;
				CLANG_WARN_BOOL_CONVERSION = YES;
				CLANG_WARN_COMMA = YES;
				CLANG_WARN_CONSTANT_CONVERSION = YES;
				CLANG_WARN_DEPRECATED_OBJC_IMPLEMENTATIONS = YES;
				CLANG_WARN_DIRECT_OBJC_ISA_USAGE = YES_ERROR;
				CLANG_WARN_DOCUMENTATION_COMMENTS = YES;
				CLANG_WARN_EMPTY_BODY = YES;
				CLANG_WARN_ENUM_CONVERSION = YES;
				CLANG_WARN_INFINITE_RECURSION = YES;
				CLANG_WARN_INT_CONVERSION = YES;
				CLANG_WARN_NON_LITERAL_NULL_CONVERSION = YES;
				CLANG_WARN_OBJC_IMPLICIT_RETAIN_SELF = YES;
				CLANG_WARN_OBJC_LITERAL_CONVERSION = YES;
				CLANG_WARN_OBJC_ROOT_CLASS = YES_ERROR;
				CLANG_WARN_QUOTED_INCLUDE_IN_FRAMEWORK_HEADER = YES;
				CLANG_WARN_RANGE_LOOP_ANALYSIS = YES;
				CLANG_WARN_STRICT_PROTOTYPES = YES;
				CLANG_WARN_SUSPICIOUS_MOVE = YES;
				CLANG_WARN_UNGUARDED_AVAILABILITY = YES_AGGRESSIVE;
				CLANG_WARN_UNREACHABLE_CODE = YES;
				CLANG_WARN__DUPLICATE_METHOD_MATCH = YES;
				COPY_PHASE_STRIP = NO;
				DEBUG_INFORMATION_FORMAT = "dwarf-with-dsym";
				ENABLE_NS_ASSERTIONS = NO;
				ENABLE_STRICT_OBJC_MSGSEND = YES;
				GCC_C_LANGUAGE_STANDARD = gnu11;
				GCC_NO_COMMON_BLOCKS = YES;
				GCC_WARN_64_TO_32_BIT_CONVERSION = YES;
				GCC_WARN_ABOUT_RETURN_TYPE = YES_ERROR;
				GCC_WARN_UNDECLARED_SELECTOR = YES;
				GCC_WARN_UNINITIALIZED_AUTOS = YES_AGGRESSIVE;
				GCC_WARN_UNUSED_FUNCTION = YES;
				GCC_WARN_UNUSED_VARIABLE = YES;
				IPHONEOS_DEPLOYMENT_TARGET = 15.2;
				MTL_ENABLE_DEBUG_INFO = NO;
				MTL_FAST_MATH = YES;
				SDKROOT = iphoneos;
				SWIFT_COMPILATION_MODE = wholemodule;
				SWIFT_OPTIMIZATION_LEVEL = "-O";
				VALIDATE_PRODUCT = YES;
			};
			name = Release;
		};
		8F479D4C27CFF17F0095BD11 /* Debug */ = {
			isa = XCBuildConfiguration;
			buildSettings = {
				ASSETCATALOG_COMPILER_APPICON_NAME = AppIcon;
				ASSETCATALOG_COMPILER_GLOBAL_ACCENT_COLOR_NAME = AccentColor;
				CODE_SIGN_STYLE = Automatic;
				CURRENT_PROJECT_VERSION = 1;
				DEVELOPMENT_ASSET_PATHS = "\"Node iOS Crypto UI/Preview Content\"";
				DEVELOPMENT_TEAM = ET7L344Q74;
				ENABLE_PREVIEWS = YES;
				GENERATE_INFOPLIST_FILE = YES;
				INFOPLIST_KEY_UIApplicationSceneManifest_Generation = YES;
				INFOPLIST_KEY_UIApplicationSupportsIndirectInputEvents = YES;
				INFOPLIST_KEY_UILaunchScreen_Generation = YES;
				INFOPLIST_KEY_UISupportedInterfaceOrientations_iPad = "UIInterfaceOrientationPortrait UIInterfaceOrientationPortraitUpsideDown UIInterfaceOrientationLandscapeLeft UIInterfaceOrientationLandscapeRight";
				INFOPLIST_KEY_UISupportedInterfaceOrientations_iPhone = "UIInterfaceOrientationPortrait UIInterfaceOrientationLandscapeLeft UIInterfaceOrientationLandscapeRight";
				LD_RUNPATH_SEARCH_PATHS = (
					"$(inherited)",
					"@executable_path/Frameworks",
				);
				MARKETING_VERSION = 1.0;
				PRODUCT_BUNDLE_IDENTIFIER = "com.anirudhrao.Node-iOS-Crypto-UI";
				PRODUCT_NAME = "$(TARGET_NAME)";
				SWIFT_EMIT_LOC_STRINGS = YES;
				SWIFT_VERSION = 5.0;
				TARGETED_DEVICE_FAMILY = "1,2";
			};
			name = Debug;
		};
		8F479D4D27CFF17F0095BD11 /* Release */ = {
			isa = XCBuildConfiguration;
			buildSettings = {
				ASSETCATALOG_COMPILER_APPICON_NAME = AppIcon;
				ASSETCATALOG_COMPILER_GLOBAL_ACCENT_COLOR_NAME = AccentColor;
				CODE_SIGN_STYLE = Automatic;
				CURRENT_PROJECT_VERSION = 1;
				DEVELOPMENT_ASSET_PATHS = "\"Node iOS Crypto UI/Preview Content\"";
				DEVELOPMENT_TEAM = ET7L344Q74;
				ENABLE_PREVIEWS = YES;
				GENERATE_INFOPLIST_FILE = YES;
				INFOPLIST_KEY_UIApplicationSceneManifest_Generation = YES;
				INFOPLIST_KEY_UIApplicationSupportsIndirectInputEvents = YES;
				INFOPLIST_KEY_UILaunchScreen_Generation = YES;
				INFOPLIST_KEY_UISupportedInterfaceOrientations_iPad = "UIInterfaceOrientationPortrait UIInterfaceOrientationPortraitUpsideDown UIInterfaceOrientationLandscapeLeft UIInterfaceOrientationLandscapeRight";
				INFOPLIST_KEY_UISupportedInterfaceOrientations_iPhone = "UIInterfaceOrientationPortrait UIInterfaceOrientationLandscapeLeft UIInterfaceOrientationLandscapeRight";
				LD_RUNPATH_SEARCH_PATHS = (
					"$(inherited)",
					"@executable_path/Frameworks",
				);
				MARKETING_VERSION = 1.0;
				PRODUCT_BUNDLE_IDENTIFIER = "com.anirudhrao.Node-iOS-Crypto-UI";
				PRODUCT_NAME = "$(TARGET_NAME)";
				SWIFT_EMIT_LOC_STRINGS = YES;
				SWIFT_VERSION = 5.0;
				TARGETED_DEVICE_FAMILY = "1,2";
			};
			name = Release;
		};
/* End XCBuildConfiguration section */

/* Begin XCConfigurationList section */
		8F479D3827CFF17E0095BD11 /* Build configuration list for PBXProject "Node iOS Crypto UI" */ = {
			isa = XCConfigurationList;
			buildConfigurations = (
				8F479D4927CFF17F0095BD11 /* Debug */,
				8F479D4A27CFF17F0095BD11 /* Release */,
			);
			defaultConfigurationIsVisible = 0;
			defaultConfigurationName = Release;
		};
		8F479D4B27CFF17F0095BD11 /* Build configuration list for PBXNativeTarget "Node iOS Crypto UI" */ = {
			isa = XCConfigurationList;
			buildConfigurations = (
				8F479D4C27CFF17F0095BD11 /* Debug */,
				8F479D4D27CFF17F0095BD11 /* Release */,
			);
			defaultConfigurationIsVisible = 0;
			defaultConfigurationName = Release;
		};
/* End XCConfigurationList section */
	};
	rootObject = 8F479D3527CFF17E0095BD11 /* Project object */;
}
